
Microsoft Visual Studio Solution File, Format Version 12.00
# Visual Studio Version 16
VisualStudioVersion = 16.0.32002.261
MinimumVisualStudioVersion = 10.0.40219.1
Project("{FAE04EC0-301F-11D3-BF4B-00C04F79EFBC}") = "WFADatetimePicker", "WFADatetimePicker\WFADatetimePicker.csproj", "{37F5CC0C-4BEF-4552-92C8-4C32EAD6298A}"
EndProject
Global
	GlobalSection(SolutionConfigurationPlatforms) = preSolution
		Debug|Any CPU = Debug|Any CPU
		Release|Any CPU = Release|Any CPU
	EndGlobalSection
	GlobalSection(ProjectConfigurationPlatforms) = postSolution
		{37F5CC0C-4BEF-4552-92C8-4C32EAD6298A}.Debug|Any CPU.ActiveCfg = Debug|Any CPU
		{37F5CC0C-4BEF-4552-92C8-4C32EAD6298A}.Debug|Any CPU.Build.0 = Debug|Any CPU
		{37F5CC0C-4BEF-4552-92C8-4C32EAD6298A}.Release|Any CPU.ActiveCfg = Release|Any CPU
		{37F5CC0C-4BEF-4552-92C8-4C32EAD6298A}.Release|Any CPU.Build.0 = Release|Any CPU
	EndGlobalSection
	GlobalSection(SolutionProperties) = preSolution
		HideSolutionNode = FALSE
	EndGlobalSection
	GlobalSection(ExtensibilityGlobals) = postSolution
		SolutionGuid = {0C634F3F-DC8E-4F4F-9FEB-2410AFDF9F30}
	EndGlobalSection
EndGlobal
